
Microsoft Visual Studio Solution File, Format Version 12.00
# Visual Studio Version 16
VisualStudioVersion = 16.0.31702.278
MinimumVisualStudioVersion = 10.0.40219.1
Project("{FAE04EC0-301F-11D3-BF4B-00C04F79EFBC}") = "bom1", "bom1\bom1.csproj", "{2788A2D8-A0E6-4845-A71A-540F74D41242}"
EndProject
Global
	GlobalSection(SolutionConfigurationPlatforms) = preSolution
		Debug|Any CPU = Debug|Any CPU
		Release|Any CPU = Release|Any CPU
	EndGlobalSection
	GlobalSection(ProjectConfigurationPlatforms) = postSolution
		{2788A2D8-A0E6-4845-A71A-540F74D41242}.Debug|Any CPU.ActiveCfg = Debug|Any CPU
		{2788A2D8-A0E6-4845-A71A-540F74D41242}.Debug|Any CPU.Build.0 = Debug|Any CPU
		{2788A2D8-A0E6-4845-A71A-540F74D41242}.Release|Any CPU.ActiveCfg = Release|Any CPU
		{2788A2D8-A0E6-4845-A71A-540F74D41242}.Release|Any CPU.Build.0 = Release|Any CPU
	EndGlobalSection
	GlobalSection(SolutionProperties) = preSolution
		HideSolutionNode = FALSE
	EndGlobalSection
	GlobalSection(ExtensibilityGlobals) = postSolution
		SolutionGuid = {36BCB7AC-BC9C-4AD3-A3F7-FFD34A64D5C9}
	EndGlobalSection
EndGlobal
