
Microsoft Visual Studio Solution File, Format Version 12.00
# Visual Studio Version 16
VisualStudioVersion = 16.0.31702.278
MinimumVisualStudioVersion = 10.0.40219.1
Project("{FAE04EC0-301F-11D3-BF4B-00C04F79EFBC}") = "Zagrebin_dz_new", "Zagrebin_dz_new\Zagrebin_dz_new.csproj", "{3AEFDD77-8831-4436-A72F-0EAE7C46DBBA}"
EndProject
Global
	GlobalSection(SolutionConfigurationPlatforms) = preSolution
		Debug|Any CPU = Debug|Any CPU
		Release|Any CPU = Release|Any CPU
	EndGlobalSection
	GlobalSection(ProjectConfigurationPlatforms) = postSolution
		{3AEFDD77-8831-4436-A72F-0EAE7C46DBBA}.Debug|Any CPU.ActiveCfg = Debug|Any CPU
		{3AEFDD77-8831-4436-A72F-0EAE7C46DBBA}.Debug|Any CPU.Build.0 = Debug|Any CPU
		{3AEFDD77-8831-4436-A72F-0EAE7C46DBBA}.Release|Any CPU.ActiveCfg = Release|Any CPU
		{3AEFDD77-8831-4436-A72F-0EAE7C46DBBA}.Release|Any CPU.Build.0 = Release|Any CPU
	EndGlobalSection
	GlobalSection(SolutionProperties) = preSolution
		HideSolutionNode = FALSE
	EndGlobalSection
	GlobalSection(ExtensibilityGlobals) = postSolution
		SolutionGuid = {326A2ADC-5AF2-497A-8C33-277FBA1C205F}
	EndGlobalSection
EndGlobal
