
Microsoft Visual Studio Solution File, Format Version 12.00
# Visual Studio Version 16
VisualStudioVersion = 16.0.31702.278
MinimumVisualStudioVersion = 10.0.40219.1
Project("{FAE04EC0-301F-11D3-BF4B-00C04F79EFBC}") = "domashnee-zadanie-no2-Alexey9919", "domashnee-zadanie-no2-Alexey9919\domashnee-zadanie-no2-Alexey9919.csproj", "{992F2932-D74C-40C0-A425-0C1D5BCFC26F}"
EndProject
Global
	GlobalSection(SolutionConfigurationPlatforms) = preSolution
		Debug|Any CPU = Debug|Any CPU
		Release|Any CPU = Release|Any CPU
	EndGlobalSection
	GlobalSection(ProjectConfigurationPlatforms) = postSolution
		{992F2932-D74C-40C0-A425-0C1D5BCFC26F}.Debug|Any CPU.ActiveCfg = Debug|Any CPU
		{992F2932-D74C-40C0-A425-0C1D5BCFC26F}.Debug|Any CPU.Build.0 = Debug|Any CPU
		{992F2932-D74C-40C0-A425-0C1D5BCFC26F}.Release|Any CPU.ActiveCfg = Release|Any CPU
		{992F2932-D74C-40C0-A425-0C1D5BCFC26F}.Release|Any CPU.Build.0 = Release|Any CPU
	EndGlobalSection
	GlobalSection(SolutionProperties) = preSolution
		HideSolutionNode = FALSE
	EndGlobalSection
	GlobalSection(ExtensibilityGlobals) = postSolution
		SolutionGuid = {3E01820F-B5F8-4D3F-910A-EBF7AEBAA6FB}
	EndGlobalSection
EndGlobal
