
Microsoft Visual Studio Solution File, Format Version 12.00
# Visual Studio Version 16
VisualStudioVersion = 16.0.31702.278
MinimumVisualStudioVersion = 10.0.40219.1
Project("{FAE04EC0-301F-11D3-BF4B-00C04F79EFBC}") = "Dz3", "Dz3\Dz3.csproj", "{1DF00A6D-BC0D-4B89-A401-CC1FA6CD7D06}"
EndProject
Global
	GlobalSection(SolutionConfigurationPlatforms) = preSolution
		Debug|Any CPU = Debug|Any CPU
		Release|Any CPU = Release|Any CPU
	EndGlobalSection
	GlobalSection(ProjectConfigurationPlatforms) = postSolution
		{1DF00A6D-BC0D-4B89-A401-CC1FA6CD7D06}.Debug|Any CPU.ActiveCfg = Debug|Any CPU
		{1DF00A6D-BC0D-4B89-A401-CC1FA6CD7D06}.Debug|Any CPU.Build.0 = Debug|Any CPU
		{1DF00A6D-BC0D-4B89-A401-CC1FA6CD7D06}.Release|Any CPU.ActiveCfg = Release|Any CPU
		{1DF00A6D-BC0D-4B89-A401-CC1FA6CD7D06}.Release|Any CPU.Build.0 = Release|Any CPU
	EndGlobalSection
	GlobalSection(SolutionProperties) = preSolution
		HideSolutionNode = FALSE
	EndGlobalSection
	GlobalSection(ExtensibilityGlobals) = postSolution
		SolutionGuid = {53948A7E-064C-4E6F-801B-30402CDE5B0F}
	EndGlobalSection
EndGlobal
